
Microsoft Visual Studio Solution File, Format Version 12.00
Project("{FAE04EC0-301F-11D3-BF4B-00C04F79EFBC}") = "projektWypozyczalnia", "projektWypozyczalnia\projektWypozyczalnia.csproj", "{9D4C2F75-F1FE-485A-8E03-DC0C29A6ADFD}"
EndProject
Global
	GlobalSection(SolutionConfigurationPlatforms) = preSolution
		Debug|Any CPU = Debug|Any CPU
		Release|Any CPU = Release|Any CPU
	EndGlobalSection
	GlobalSection(ProjectConfigurationPlatforms) = postSolution
		{9D4C2F75-F1FE-485A-8E03-DC0C29A6ADFD}.Debug|Any CPU.ActiveCfg = Debug|Any CPU
		{9D4C2F75-F1FE-485A-8E03-DC0C29A6ADFD}.Debug|Any CPU.Build.0 = Debug|Any CPU
		{9D4C2F75-F1FE-485A-8E03-DC0C29A6ADFD}.Release|Any CPU.ActiveCfg = Release|Any CPU
		{9D4C2F75-F1FE-485A-8E03-DC0C29A6ADFD}.Release|Any CPU.Build.0 = Release|Any CPU
	EndGlobalSection
EndGlobal
